
Microsoft Visual Studio Solution File, Format Version 12.00
# Visual Studio Version 16
VisualStudioVersion = 16.0.30717.126
MinimumVisualStudioVersion = 10.0.40219.1
Project("{9A19103F-16F7-4668-BE54-9A1E7A4F7556}") = "App", "App\App.csproj", "{D79E014C-D290-40A3-9286-E5F03E730EA0}"
EndProject
Project("{9A19103F-16F7-4668-BE54-9A1E7A4F7556}") = "Calculator", "Calculator\Calculator.csproj", "{C854AAEE-6760-4703-9399-68161B5A0EE7}"
EndProject
Project("{FAE04EC0-301F-11D3-BF4B-00C04F79EFBC}") = "Calculator.Tests", "Calculator.Tests\Calculator.Tests.csproj", "{34FCA34A-F8E2-4E48-AA47-636F39B6DEB9}"
EndProject
Global
	GlobalSection(SolutionConfigurationPlatforms) = preSolution
		Debug|Any CPU = Debug|Any CPU
		Release|Any CPU = Release|Any CPU
	EndGlobalSection
	GlobalSection(ProjectConfigurationPlatforms) = postSolution
		{D79E014C-D290-40A3-9286-E5F03E730EA0}.Debug|Any CPU.ActiveCfg = Debug|Any CPU
		{D79E014C-D290-40A3-9286-E5F03E730EA0}.Debug|Any CPU.Build.0 = Debug|Any CPU
		{D79E014C-D290-40A3-9286-E5F03E730EA0}.Release|Any CPU.ActiveCfg = Release|Any CPU
		{D79E014C-D290-40A3-9286-E5F03E730EA0}.Release|Any CPU.Build.0 = Release|Any CPU
		{C854AAEE-6760-4703-9399-68161B5A0EE7}.Debug|Any CPU.ActiveCfg = Debug|Any CPU
		{C854AAEE-6760-4703-9399-68161B5A0EE7}.Debug|Any CPU.Build.0 = Debug|Any CPU
		{C854AAEE-6760-4703-9399-68161B5A0EE7}.Release|Any CPU.ActiveCfg = Release|Any CPU
		{C854AAEE-6760-4703-9399-68161B5A0EE7}.Release|Any CPU.Build.0 = Release|Any CPU
		{34FCA34A-F8E2-4E48-AA47-636F39B6DEB9}.Debug|Any CPU.ActiveCfg = Debug|Any CPU
		{34FCA34A-F8E2-4E48-AA47-636F39B6DEB9}.Debug|Any CPU.Build.0 = Debug|Any CPU
		{34FCA34A-F8E2-4E48-AA47-636F39B6DEB9}.Release|Any CPU.ActiveCfg = Release|Any CPU
		{34FCA34A-F8E2-4E48-AA47-636F39B6DEB9}.Release|Any CPU.Build.0 = Release|Any CPU
	EndGlobalSection
	GlobalSection(SolutionProperties) = preSolution
		HideSolutionNode = FALSE
	EndGlobalSection
	GlobalSection(ExtensibilityGlobals) = postSolution
		SolutionGuid = {E1E2B6C7-50D5-4A54-82F6-89953D28380C}
	EndGlobalSection
EndGlobal
